<?xml version="1.0" encoding="utf-8"?>
<Project ToolsVersion="4.0" xmlns="http://schemas.microsoft.com/developer/msbuild/2003">
  <ItemGroup>
    <Filter Include="Source Files">
      <UniqueIdentifier>{4FC737F1-C7A5-4376-A066-2A32D752A2FF}</UniqueIdentifier>
      <Extensions>cpp;c;cc;cxx;c++;cppm;ixx;def;odl;idl;hpj;bat;asm;asmx</Extensions>
    </Filter>
    <Filter Include="Header Files">
      <UniqueIdentifier>{93995380-89BD-4b04-88EB-625FBE52EBFB}</UniqueIdentifier>
      <Extensions>h;hh;hpp;hxx;h++;hm;inl;inc;ipp;xsd</Extensions>
    </Filter>
    <Filter Include="Resource Files">
      <UniqueIdentifier>{67DA6AB6-F800-4c08-8B7A-83BB121AAD01}</UniqueIdentifier>
      <Extensions>rc;ico;cur;bmp;dlg;rc2;rct;bin;rgs;gif;jpg;jpeg;jpe;resx;tiff;tif;png;wav;mfcribbon-ms</Extensions>
    </Filter>
  </ItemGroup>
  <ItemGroup>
    <ClCompile Include="mainpage.cpp">
      <Filter>Source Files</Filter>
    </ClCompile>
    <ClCompile Include="actionhandler.cpp">
      <Filter>Source Files</Filter>
    </ClCompile>
    <ClCompile Include="login.cpp">
      <Filter>Source Files</Filter>
    </ClCompile>
    <ClCompile Include="regstr.cpp">
      <Filter>Source Files</Filter>
    </ClCompile>
    <ClCompile Include="loginpage.cpp">
      <Filter>Source Files</Filter>
    </ClCompile>
    <ClCompile Include="deposit.cpp">
      <Filter>Source Files</Filter>
    </ClCompile>
    <ClCompile Include="withdraw.cpp">
      <Filter>Source Files</Filter>
    </ClCompile>
    <ClCompile Include="sendmoney.cpp">
      <Filter>Source Files</Filter>
    </ClCompile>
    <ClCompile Include="transacionthistory.cpp">
      <Filter>Source Files</Filter>
    </ClCompile>
    <ClCompile Include="modifyaccountcredentials.cpp">
      <Filter>Source Files</Filter>
    </ClCompile>
    <ClCompile Include="deleteaccount.cpp">
      <Filter>Source Files</Filter>
    </ClCompile>
    <ClCompile Include="loginpageaccounthandler.cpp">
      <Filter>Source Files</Filter>
    </ClCompile>
    <ClCompile Include="historycompiler.cpp">
      <Filter>Source Files</Filter>
    </ClCompile>
    <ClCompile Include="namemod.cpp">
      <Filter>Source Files</Filter>
    </ClCompile>
  </ItemGroup>
  <ItemGroup>
    <ClInclude Include="actionhandler.h">
      <Filter>Header Files</Filter>
    </ClInclude>
    <ClInclude Include="main.h">
      <Filter>Header Files</Filter>
    </ClInclude>
    <ClInclude Include="login.h">
      <Filter>Header Files</Filter>
    </ClInclude>
    <ClInclude Include="regstr.h">
      <Filter>Header Files</Filter>
    </ClInclude>
    <ClInclude Include="loginpage.h">
      <Filter>Header Files</Filter>
    </ClInclude>
    <ClInclude Include="deposit.h">
      <Filter>Header Files</Filter>
    </ClInclude>
    <ClInclude Include="withdraw.h">
      <Filter>Header Files</Filter>
    </ClInclude>
    <ClInclude Include="sendmoney.h">
      <Filter>Header Files</Filter>
    </ClInclude>
    <ClInclude Include="transacionthistory.h">
      <Filter>Header Files</Filter>
    </ClInclude>
    <ClInclude Include="modifyaccountcredentials.h">
      <Filter>Header Files</Filter>
    </ClInclude>
    <ClInclude Include="deleteaccount.h">
      <Filter>Header Files</Filter>
    </ClInclude>
    <ClInclude Include="loginpageactionhandler.h">
      <Filter>Header Files</Filter>
    </ClInclude>
    <ClInclude Include="historycompiler.h">
      <Filter>Header Files</Filter>
    </ClInclude>
    <ClInclude Include="namemod.h">
      <Filter>Header Files</Filter>
    </ClInclude>
  </ItemGroup>
</Project>